
Microsoft Visual Studio Solution File, Format Version 12.00
# Visual Studio Version 17
VisualStudioVersion = 17.6.33723.286
MinimumVisualStudioVersion = 10.0.40219.1
Project("{9A19103F-16F7-4668-BE54-9A1E7A4F7556}") = "ToggleControl", "ToggleControl\ToggleControl.csproj", "{424EFF41-7482-4060-96F9-228DE3862ECD}"
EndProject
Project("{9A19103F-16F7-4668-BE54-9A1E7A4F7556}") = "ToggleControlTest", "ToggleControlTest\ToggleControlTest.csproj", "{45D1993D-3A0B-4222-A8D2-9B02617BE071}"
EndProject
Global
	GlobalSection(SolutionConfigurationPlatforms) = preSolution
		Debug|Any CPU = Debug|Any CPU
		Release|Any CPU = Release|Any CPU
	EndGlobalSection
	GlobalSection(ProjectConfigurationPlatforms) = postSolution
		{424EFF41-7482-4060-96F9-228DE3862ECD}.Debug|Any CPU.ActiveCfg = Debug|Any CPU
		{424EFF41-7482-4060-96F9-228DE3862ECD}.Debug|Any CPU.Build.0 = Debug|Any CPU
		{424EFF41-7482-4060-96F9-228DE3862ECD}.Release|Any CPU.ActiveCfg = Release|Any CPU
		{424EFF41-7482-4060-96F9-228DE3862ECD}.Release|Any CPU.Build.0 = Release|Any CPU
		{45D1993D-3A0B-4222-A8D2-9B02617BE071}.Debug|Any CPU.ActiveCfg = Debug|Any CPU
		{45D1993D-3A0B-4222-A8D2-9B02617BE071}.Debug|Any CPU.Build.0 = Debug|Any CPU
		{45D1993D-3A0B-4222-A8D2-9B02617BE071}.Release|Any CPU.ActiveCfg = Release|Any CPU
		{45D1993D-3A0B-4222-A8D2-9B02617BE071}.Release|Any CPU.Build.0 = Release|Any CPU
	EndGlobalSection
	GlobalSection(SolutionProperties) = preSolution
		HideSolutionNode = FALSE
	EndGlobalSection
	GlobalSection(ExtensibilityGlobals) = postSolution
		SolutionGuid = {21D8F04E-49F0-4D06-9BC7-0DAC0F37724F}
	EndGlobalSection
EndGlobal
